// !$*UTF8*$!
{
	archiveVersion = 1;
	classes = {
	};
	objectVersion = 46;
	objects = {

/* Begin PBXBuildFile section */
		2059CE8F19CA76450066B4C1 /* Main.storyboard in Resources */ = {isa = PBXBuildFile; fileRef = 2059CE8E19CA76450066B4C1 /* Main.storyboard */; };
		2060844E19CD22D000EC1526 /* WMMAddToDoItemViewController.m in Sources */ = {isa = PBXBuildFile; fileRef = 2060844D19CD22D000EC1526 /* WMMAddToDoItemViewController.m */; };
		2060845119CD23F800EC1526 /* WMMToDoListTableViewController.m in Sources */ = {isa = PBXBuildFile; fileRef = 2060845019CD23F800EC1526 /* WMMToDoListTableViewController.m */; };
		20F816DA19BB7AC8000BC3B6 /* Foundation.framework in Frameworks */ = {isa = PBXBuildFile; fileRef = 20F816D919BB7AC8000BC3B6 /* Foundation.framework */; };
		20F816DC19BB7AC8000BC3B6 /* CoreGraphics.framework in Frameworks */ = {isa = PBXBuildFile; fileRef = 20F816DB19BB7AC8000BC3B6 /* CoreGraphics.framework */; };
		20F816DE19BB7AC8000BC3B6 /* UIKit.framework in Frameworks */ = {isa = PBXBuildFile; fileRef = 20F816DD19BB7AC8000BC3B6 /* UIKit.framework */; };
		20F816E419BB7AC8000BC3B6 /* InfoPlist.strings in Resources */ = {isa = PBXBuildFile; fileRef = 20F816E219BB7AC8000BC3B6 /* InfoPlist.strings */; };
		20F816E619BB7AC8000BC3B6 /* main.m in Sources */ = {isa = PBXBuildFile; fileRef = 20F816E519BB7AC8000BC3B6 /* main.m */; };
		20F816EA19BB7AC8000BC3B6 /* WMMAppDelegate.m in Sources */ = {isa = PBXBuildFile; fileRef = 20F816E919BB7AC8000BC3B6 /* WMMAppDelegate.m */; };
		20F816EC19BB7AC8000BC3B6 /* Images.xcassets in Resources */ = {isa = PBXBuildFile; fileRef = 20F816EB19BB7AC8000BC3B6 /* Images.xcassets */; };
		20F816F319BB7AC8000BC3B6 /* XCTest.framework in Frameworks */ = {isa = PBXBuildFile; fileRef = 20F816F219BB7AC8000BC3B6 /* XCTest.framework */; };
		20F816F419BB7AC8000BC3B6 /* Foundation.framework in Frameworks */ = {isa = PBXBuildFile; fileRef = 20F816D919BB7AC8000BC3B6 /* Foundation.framework */; };
		20F816F519BB7AC8000BC3B6 /* UIKit.framework in Frameworks */ = {isa = PBXBuildFile; fileRef = 20F816DD19BB7AC8000BC3B6 /* UIKit.framework */; };
		20F816FD19BB7AC8000BC3B6 /* InfoPlist.strings in Resources */ = {isa = PBXBuildFile; fileRef = 20F816FB19BB7AC8000BC3B6 /* InfoPlist.strings */; };
		20F816FF19BB7AC8000BC3B6 /* Wheres_My_MoneyTests.m in Sources */ = {isa = PBXBuildFile; fileRef = 20F816FE19BB7AC8000BC3B6 /* Wheres_My_MoneyTests.m */; };
/* End PBXBuildFile section */

/* Begin PBXContainerItemProxy section */
		20F816F619BB7AC8000BC3B6 /* PBXContainerItemProxy */ = {
			isa = PBXContainerItemProxy;
			containerPortal = 20F816CE19BB7AC8000BC3B6 /* Project object */;
			proxyType = 1;
			remoteGlobalIDString = 20F816D519BB7AC8000BC3B6;
			remoteInfo = "Wheres My Money";
		};
/* End PBXContainerItemProxy section */

/* Begin PBXFileReference section */
		2059CE8E19CA76450066B4C1 /* Main.storyboard */ = {isa = PBXFileReference; fileEncoding = 4; lastKnownFileType = file.storyboard; path = Main.storyboard; sourceTree = "<group>"; };
		2060844C19CD22D000EC1526 /* WMMAddToDoItemViewController.h */ = {isa = PBXFileReference; fileEncoding = 4; lastKnownFileType = sourcecode.c.h; path = WMMAddToDoItemViewController.h; sourceTree = "<group>"; };
		2060844D19CD22D000EC1526 /* WMMAddToDoItemViewController.m */ = {isa = PBXFileReference; fileEncoding = 4; lastKnownFileType = sourcecode.c.objc; path = WMMAddToDoItemViewController.m; sourceTree = "<group>"; };
		2060844F19CD23F800EC1526 /* WMMToDoListTableViewController.h */ = {isa = PBXFileReference; fileEncoding = 4; lastKnownFileType = sourcecode.c.h; path = WMMToDoListTableViewController.h; sourceTree = "<group>"; };
		2060845019CD23F800EC1526 /* WMMToDoListTableViewController.m */ = {isa = PBXFileReference; fileEncoding = 4; lastKnownFileType = sourcecode.c.objc; path = WMMToDoListTableViewController.m; sourceTree = "<group>"; };
		20F816D619BB7AC8000BC3B6 /* Wheres My Money.app */ = {isa = PBXFileReference; explicitFileType = wrapper.application; includeInIndex = 0; path = "Wheres My Money.app"; sourceTree = BUILT_PRODUCTS_DIR; };
		20F816D919BB7AC8000BC3B6 /* Foundation.framework */ = {isa = PBXFileReference; lastKnownFileType = wrapper.framework; name = Foundation.framework; path = System/Library/Frameworks/Foundation.framework; sourceTree = SDKROOT; };
		20F816DB19BB7AC8000BC3B6 /* CoreGraphics.framework */ = {isa = PBXFileReference; lastKnownFileType = wrapper.framework; name = CoreGraphics.framework; path = System/Library/Frameworks/CoreGraphics.framework; sourceTree = SDKROOT; };
		20F816DD19BB7AC8000BC3B6 /* UIKit.framework */ = {isa = PBXFileReference; lastKnownFileType = wrapper.framework; name = UIKit.framework; path = System/Library/Frameworks/UIKit.framework; sourceTree = SDKROOT; };
		20F816E119BB7AC8000BC3B6 /* Wheres My Money-Info.plist */ = {isa = PBXFileReference; lastKnownFileType = text.plist.xml; path = "Wheres My Money-Info.plist"; sourceTree = "<group>"; };
		20F816E319BB7AC8000BC3B6 /* en */ = {isa = PBXFileReference; lastKnownFileType = text.plist.strings; name = en; path = en.lproj/InfoPlist.strings; sourceTree = "<group>"; };
		20F816E519BB7AC8000BC3B6 /* main.m */ = {isa = PBXFileReference; lastKnownFileType = sourcecode.c.objc; path = main.m; sourceTree = "<group>"; };
		20F816E719BB7AC8000BC3B6 /* Wheres My Money-Prefix.pch */ = {isa = PBXFileReference; lastKnownFileType = sourcecode.c.h; path = "Wheres My Money-Prefix.pch"; sourceTree = "<group>"; };
		20F816E819BB7AC8000BC3B6 /* WMMAppDelegate.h */ = {isa = PBXFileReference; lastKnownFileType = sourcecode.c.h; path = WMMAppDelegate.h; sourceTree = "<group>"; };
		20F816E919BB7AC8000BC3B6 /* WMMAppDelegate.m */ = {isa = PBXFileReference; lastKnownFileType = sourcecode.c.objc; path = WMMAppDelegate.m; sourceTree = "<group>"; };
		20F816EB19BB7AC8000BC3B6 /* Images.xcassets */ = {isa = PBXFileReference; lastKnownFileType = folder.assetcatalog; path = Images.xcassets; sourceTree = "<group>"; };
		20F816F119BB7AC8000BC3B6 /* Wheres My MoneyTests.xctest */ = {isa = PBXFileReference; explicitFileType = wrapper.cfbundle; includeInIndex = 0; path = "Wheres My MoneyTests.xctest"; sourceTree = BUILT_PRODUCTS_DIR; };
		20F816F219BB7AC8000BC3B6 /* XCTest.framework */ = {isa = PBXFileReference; lastKnownFileType = wrapper.framework; name = XCTest.framework; path = Library/Frameworks/XCTest.framework; sourceTree = DEVELOPER_DIR; };
		20F816FA19BB7AC8000BC3B6 /* Wheres My MoneyTests-Info.plist */ = {isa = PBXFileReference; lastKnownFileType = text.plist.xml; path = "Wheres My MoneyTests-Info.plist"; sourceTree = "<group>"; };
		20F816FC19BB7AC8000BC3B6 /* en */ = {isa = PBXFileReference; lastKnownFileType = text.plist.strings; name = en; path = en.lproj/InfoPlist.strings; sourceTree = "<group>"; };
		20F816FE19BB7AC8000BC3B6 /* Wheres_My_MoneyTests.m */ = {isa = PBXFileReference; lastKnownFileType = sourcecode.c.objc; path = Wheres_My_MoneyTests.m; sourceTree = "<group>"; };
/* End PBXFileReference section */

/* Begin PBXFrameworksBuildPhase section */
		20F816D319BB7AC8000BC3B6 /* Frameworks */ = {
			isa = PBXFrameworksBuildPhase;
			buildActionMask = 2147483647;
			files = (
				20F816DC19BB7AC8000BC3B6 /* CoreGraphics.framework in Frameworks */,
				20F816DE19BB7AC8000BC3B6 /* UIKit.framework in Frameworks */,
				20F816DA19BB7AC8000BC3B6 /* Foundation.framework in Frameworks */,
			);
			runOnlyForDeploymentPostprocessing = 0;
		};
		20F816EE19BB7AC8000BC3B6 /* Frameworks */ = {
			isa = PBXFrameworksBuildPhase;
			buildActionMask = 2147483647;
			files = (
				20F816F319BB7AC8000BC3B6 /* XCTest.framework in Frameworks */,
				20F816F519BB7AC8000BC3B6 /* UIKit.framework in Frameworks */,
				20F816F419BB7AC8000BC3B6 /* Foundation.framework in Frameworks */,
			);
			runOnlyForDeploymentPostprocessing = 0;
		};
/* End PBXFrameworksBuildPhase section */

/* Begin PBXGroup section */
		20F816CD19BB7AC8000BC3B6 = {
			isa = PBXGroup;
			children = (
				2059CE8E19CA76450066B4C1 /* Main.storyboard */,
				2060844F19CD23F800EC1526 /* WMMToDoListTableViewController.h */,
				2060845019CD23F800EC1526 /* WMMToDoListTableViewController.m */,
				2060844C19CD22D000EC1526 /* WMMAddToDoItemViewController.h */,
				2060844D19CD22D000EC1526 /* WMMAddToDoItemViewController.m */,
				20F816DF19BB7AC8000BC3B6 /* Wheres My Money */,
				20F816F819BB7AC8000BC3B6 /* Wheres My MoneyTests */,
				20F816D819BB7AC8000BC3B6 /* Frameworks */,
				20F816D719BB7AC8000BC3B6 /* Products */,
			);
			indentWidth = 2;
			sourceTree = "<group>";
			tabWidth = 2;
		};
		20F816D719BB7AC8000BC3B6 /* Products */ = {
			isa = PBXGroup;
			children = (
				20F816D619BB7AC8000BC3B6 /* Wheres My Money.app */,
				20F816F119BB7AC8000BC3B6 /* Wheres My MoneyTests.xctest */,
			);
			name = Products;
			sourceTree = "<group>";
		};
		20F816D819BB7AC8000BC3B6 /* Frameworks */ = {
			isa = PBXGroup;
			children = (
				20F816D919BB7AC8000BC3B6 /* Foundation.framework */,
				20F816DB19BB7AC8000BC3B6 /* CoreGraphics.framework */,
				20F816DD19BB7AC8000BC3B6 /* UIKit.framework */,
				20F816F219BB7AC8000BC3B6 /* XCTest.framework */,
			);
			name = Frameworks;
			sourceTree = "<group>";
		};
		20F816DF19BB7AC8000BC3B6 /* Wheres My Money */ = {
			isa = PBXGroup;
			children = (
				20F816E819BB7AC8000BC3B6 /* WMMAppDelegate.h */,
				20F816E919BB7AC8000BC3B6 /* WMMAppDelegate.m */,
				20F816EB19BB7AC8000BC3B6 /* Images.xcassets */,
				20F816E019BB7AC8000BC3B6 /* Supporting Files */,
			);
			path = "Wheres My Money";
			sourceTree = "<group>";
		};
		20F816E019BB7AC8000BC3B6 /* Supporting Files */ = {
			isa = PBXGroup;
			children = (
				20F816E119BB7AC8000BC3B6 /* Wheres My Money-Info.plist */,
				20F816E219BB7AC8000BC3B6 /* InfoPlist.strings */,
				20F816E519BB7AC8000BC3B6 /* main.m */,
				20F816E719BB7AC8000BC3B6 /* Wheres My Money-Prefix.pch */,
			);
			name = "Supporting Files";
			sourceTree = "<group>";
		};
		20F816F819BB7AC8000BC3B6 /* Wheres My MoneyTests */ = {
			isa = PBXGroup;
			children = (
				20F816FE19BB7AC8000BC3B6 /* Wheres_My_MoneyTests.m */,
				20F816F919BB7AC8000BC3B6 /* Supporting Files */,
			);
			path = "Wheres My MoneyTests";
			sourceTree = "<group>";
		};
		20F816F919BB7AC8000BC3B6 /* Supporting Files */ = {
			isa = PBXGroup;
			children = (
				20F816FA19BB7AC8000BC3B6 /* Wheres My MoneyTests-Info.plist */,
				20F816FB19BB7AC8000BC3B6 /* InfoPlist.strings */,
			);
			name = "Supporting Files";
			sourceTree = "<group>";
		};
/* End PBXGroup section */

/* Begin PBXNativeTarget section */
		20F816D519BB7AC8000BC3B6 /* Wheres My Money */ = {
			isa = PBXNativeTarget;
			buildConfigurationList = 20F8170219BB7AC8000BC3B6 /* Build configuration list for PBXNativeTarget "Wheres My Money" */;
			buildPhases = (
				20F816D219BB7AC8000BC3B6 /* Sources */,
				20F816D319BB7AC8000BC3B6 /* Frameworks */,
				20F816D419BB7AC8000BC3B6 /* Resources */,
			);
			buildRules = (
			);
			dependencies = (
			);
			name = "Wheres My Money";
			productName = "Wheres My Money";
			productReference = 20F816D619BB7AC8000BC3B6 /* Wheres My Money.app */;
			productType = "com.apple.product-type.application";
		};
		20F816F019BB7AC8000BC3B6 /* Wheres My MoneyTests */ = {
			isa = PBXNativeTarget;
			buildConfigurationList = 20F8170519BB7AC8000BC3B6 /* Build configuration list for PBXNativeTarget "Wheres My MoneyTests" */;
			buildPhases = (
				20F816ED19BB7AC8000BC3B6 /* Sources */,
				20F816EE19BB7AC8000BC3B6 /* Frameworks */,
				20F816EF19BB7AC8000BC3B6 /* Resources */,
			);
			buildRules = (
			);
			dependencies = (
				20F816F719BB7AC8000BC3B6 /* PBXTargetDependency */,
			);
			name = "Wheres My MoneyTests";
			productName = "Wheres My MoneyTests";
			productReference = 20F816F119BB7AC8000BC3B6 /* Wheres My MoneyTests.xctest */;
			productType = "com.apple.product-type.bundle.unit-test";
		};
/* End PBXNativeTarget section */

/* Begin PBXProject section */
		20F816CE19BB7AC8000BC3B6 /* Project object */ = {
			isa = PBXProject;
			attributes = {
				CLASSPREFIX = WMM;
				LastUpgradeCheck = 0510;
				ORGANIZATIONNAME = "Evan Hoffman";
				TargetAttributes = {
					20F816F019BB7AC8000BC3B6 = {
						TestTargetID = 20F816D519BB7AC8000BC3B6;
					};
				};
			};
			buildConfigurationList = 20F816D119BB7AC8000BC3B6 /* Build configuration list for PBXProject "Wheres My Money" */;
			compatibilityVersion = "Xcode 3.2";
			developmentRegion = English;
			hasScannedForEncodings = 0;
			knownRegions = (
				en,
			);
			mainGroup = 20F816CD19BB7AC8000BC3B6;
			productRefGroup = 20F816D719BB7AC8000BC3B6 /* Products */;
			projectDirPath = "";
			projectRoot = "";
			targets = (
				20F816D519BB7AC8000BC3B6 /* Wheres My Money */,
				20F816F019BB7AC8000BC3B6 /* Wheres My MoneyTests */,
			);
		};
/* End PBXProject section */

/* Begin PBXResourcesBuildPhase section */
		20F816D419BB7AC8000BC3B6 /* Resources */ = {
			isa = PBXResourcesBuildPhase;
			buildActionMask = 2147483647;
			files = (
				2059CE8F19CA76450066B4C1 /* Main.storyboard in Resources */,
				20F816E419BB7AC8000BC3B6 /* InfoPlist.strings in Resources */,
				20F816EC19BB7AC8000BC3B6 /* Images.xcassets in Resources */,
			);
			runOnlyForDeploymentPostprocessing = 0;
		};
		20F816EF19BB7AC8000BC3B6 /* Resources */ = {
			isa = PBXResourcesBuildPhase;
			buildActionMask = 2147483647;
			files = (
				20F816FD19BB7AC8000BC3B6 /* InfoPlist.strings in Resources */,
			);
			runOnlyForDeploymentPostprocessing = 0;
		};
/* End PBXResourcesBuildPhase section */

/* Begin PBXSourcesBuildPhase section */
		20F816D219BB7AC8000BC3B6 /* Sources */ = {
			isa = PBXSourcesBuildPhase;
			buildActionMask = 2147483647;
			files = (
				20F816EA19BB7AC8000BC3B6 /* WMMAppDelegate.m in Sources */,
				2060844E19CD22D000EC1526 /* WMMAddToDoItemViewController.m in Sources */,
				2060845119CD23F800EC1526 /* WMMToDoListTableViewController.m in Sources */,
				20F816E619BB7AC8000BC3B6 /* main.m in Sources */,
			);
			runOnlyForDeploymentPostprocessing = 0;
		};
		20F816ED19BB7AC8000BC3B6 /* Sources */ = {
			isa = PBXSourcesBuildPhase;
			buildActionMask = 2147483647;
			files = (
				20F816FF19BB7AC8000BC3B6 /* Wheres_My_MoneyTests.m in Sources */,
			);
			runOnlyForDeploymentPostprocessing = 0;
		};
/* End PBXSourcesBuildPhase section */

/* Begin PBXTargetDependency section */
		20F816F719BB7AC8000BC3B6 /* PBXTargetDependency */ = {
			isa = PBXTargetDependency;
			target = 20F816D519BB7AC8000BC3B6 /* Wheres My Money */;
			targetProxy = 20F816F619BB7AC8000BC3B6 /* PBXContainerItemProxy */;
		};
/* End PBXTargetDependency section */

/* Begin PBXVariantGroup section */
		20F816E219BB7AC8000BC3B6 /* InfoPlist.strings */ = {
			isa = PBXVariantGroup;
			children = (
				20F816E319BB7AC8000BC3B6 /* en */,
			);
			name = InfoPlist.strings;
			sourceTree = "<group>";
		};
		20F816FB19BB7AC8000BC3B6 /* InfoPlist.strings */ = {
			isa = PBXVariantGroup;
			children = (
				20F816FC19BB7AC8000BC3B6 /* en */,
			);
			name = InfoPlist.strings;
			sourceTree = "<group>";
		};
/* End PBXVariantGroup section */

/* Begin XCBuildConfiguration section */
		20F8170019BB7AC8000BC3B6 /* Debug */ = {
			isa = XCBuildConfiguration;
			buildSettings = {
				ALWAYS_SEARCH_USER_PATHS = NO;
				CLANG_CXX_LANGUAGE_STANDARD = "gnu++0x";
				CLANG_CXX_LIBRARY = "libc++";
				CLANG_ENABLE_MODULES = YES;
				CLANG_ENABLE_OBJC_ARC = YES;
				CLANG_WARN_BOOL_CONVERSION = YES;
				CLANG_WARN_CONSTANT_CONVERSION = YES;
				CLANG_WARN_DIRECT_OBJC_ISA_USAGE = YES_ERROR;
				CLANG_WARN_EMPTY_BODY = YES;
				CLANG_WARN_ENUM_CONVERSION = YES;
				CLANG_WARN_INT_CONVERSION = YES;
				CLANG_WARN_OBJC_ROOT_CLASS = YES_ERROR;
				CLANG_WARN__DUPLICATE_METHOD_MATCH = YES;
				"CODE_SIGN_IDENTITY[sdk=iphoneos*]" = "iPhone Developer";
				COPY_PHASE_STRIP = NO;
				GCC_C_LANGUAGE_STANDARD = gnu99;
				GCC_DYNAMIC_NO_PIC = NO;
				GCC_OPTIMIZATION_LEVEL = 0;
				GCC_PREPROCESSOR_DEFINITIONS = (
					"DEBUG=1",
					"$(inherited)",
				);
				GCC_SYMBOLS_PRIVATE_EXTERN = NO;
				GCC_WARN_64_TO_32_BIT_CONVERSION = YES;
				GCC_WARN_ABOUT_RETURN_TYPE = YES_ERROR;
				GCC_WARN_UNDECLARED_SELECTOR = YES;
				GCC_WARN_UNINITIALIZED_AUTOS = YES_AGGRESSIVE;
				GCC_WARN_UNUSED_FUNCTION = YES;
				GCC_WARN_UNUSED_VARIABLE = YES;
				IPHONEOS_DEPLOYMENT_TARGET = 7.1;
				ONLY_ACTIVE_ARCH = YES;
				SDKROOT = iphoneos;
				TARGETED_DEVICE_FAMILY = "1,2";
			};
			name = Debug;
		};
		20F8170119BB7AC8000BC3B6 /* Release */ = {
			isa = XCBuildConfiguration;
			buildSettings = {
				ALWAYS_SEARCH_USER_PATHS = NO;
				CLANG_CXX_LANGUAGE_STANDARD = "gnu++0x";
				CLANG_CXX_LIBRARY = "libc++";
				CLANG_ENABLE_MODULES = YES;
				CLANG_ENABLE_OBJC_ARC = YES;
				CLANG_WARN_BOOL_CONVERSION = YES;
				CLANG_WARN_CONSTANT_CONVERSION = YES;
				CLANG_WARN_DIRECT_OBJC_ISA_USAGE = YES_ERROR;
				CLANG_WARN_EMPTY_BODY = YES;
				CLANG_WARN_ENUM_CONVERSION = YES;
				CLANG_WARN_INT_CONVERSION = YES;
				CLANG_WARN_OBJC_ROOT_CLASS = YES_ERROR;
				CLANG_WARN__DUPLICATE_METHOD_MATCH = YES;
				"CODE_SIGN_IDENTITY[sdk=iphoneos*]" = "iPhone Developer";
				COPY_PHASE_STRIP = YES;
				ENABLE_NS_ASSERTIONS = NO;
				GCC_C_LANGUAGE_STANDARD = gnu99;
				GCC_WARN_64_TO_32_BIT_CONVERSION = YES;
				GCC_WARN_ABOUT_RETURN_TYPE = YES_ERROR;
				GCC_WARN_UNDECLARED_SELECTOR = YES;
				GCC_WARN_UNINITIALIZED_AUTOS = YES_AGGRESSIVE;
				GCC_WARN_UNUSED_FUNCTION = YES;
				GCC_WARN_UNUSED_VARIABLE = YES;
				IPHONEOS_DEPLOYMENT_TARGET = 7.1;
				SDKROOT = iphoneos;
				TARGETED_DEVICE_FAMILY = "1,2";
				VALIDATE_PRODUCT = YES;
			};
			name = Release;
		};
		20F8170319BB7AC8000BC3B6 /* Debug */ = {
			isa = XCBuildConfiguration;
			buildSettings = {
				ASSETCATALOG_COMPILER_APPICON_NAME = AppIcon;
				ASSETCATALOG_COMPILER_LAUNCHIMAGE_NAME = LaunchImage;
				GCC_PRECOMPILE_PREFIX_HEADER = YES;
				GCC_PREFIX_HEADER = "Wheres My Money/Wheres My Money-Prefix.pch";
				INFOPLIST_FILE = "Wheres My Money/Wheres My Money-Info.plist";
				PRODUCT_NAME = "$(TARGET_NAME)";
				WRAPPER_EXTENSION = app;
			};
			name = Debug;
		};
		20F8170419BB7AC8000BC3B6 /* Release */ = {
			isa = XCBuildConfiguration;
			buildSettings = {
				ASSETCATALOG_COMPILER_APPICON_NAME = AppIcon;
				ASSETCATALOG_COMPILER_LAUNCHIMAGE_NAME = LaunchImage;
				GCC_PRECOMPILE_PREFIX_HEADER = YES;
				GCC_PREFIX_HEADER = "Wheres My Money/Wheres My Money-Prefix.pch";
				INFOPLIST_FILE = "Wheres My Money/Wheres My Money-Info.plist";
				PRODUCT_NAME = "$(TARGET_NAME)";
				WRAPPER_EXTENSION = app;
			};
			name = Release;
		};
		20F8170619BB7AC8000BC3B6 /* Debug */ = {
			isa = XCBuildConfiguration;
			buildSettings = {
				BUNDLE_LOADER = "$(BUILT_PRODUCTS_DIR)/Wheres My Money.app/Wheres My Money";
				FRAMEWORK_SEARCH_PATHS = (
					"$(SDKROOT)/Developer/Library/Frameworks",
					"$(inherited)",
					"$(DEVELOPER_FRAMEWORKS_DIR)",
				);
				GCC_PRECOMPILE_PREFIX_HEADER = YES;
				GCC_PREFIX_HEADER = "Wheres My Money/Wheres My Money-Prefix.pch";
				GCC_PREPROCESSOR_DEFINITIONS = (
					"DEBUG=1",
					"$(inherited)",
				);
				INFOPLIST_FILE = "Wheres My MoneyTests/Wheres My MoneyTests-Info.plist";
				PRODUCT_NAME = "$(TARGET_NAME)";
				TEST_HOST = "$(BUNDLE_LOADER)";
				WRAPPER_EXTENSION = xctest;
			};
			name = Debug;
		};
		20F8170719BB7AC8000BC3B6 /* Release */ = {
			isa = XCBuildConfiguration;
			buildSettings = {
				BUNDLE_LOADER = "$(BUILT_PRODUCTS_DIR)/Wheres My Money.app/Wheres My Money";
				FRAMEWORK_SEARCH_PATHS = (
					"$(SDKROOT)/Developer/Library/Frameworks",
					"$(inherited)",
					"$(DEVELOPER_FRAMEWORKS_DIR)",
				);
				GCC_PRECOMPILE_PREFIX_HEADER = YES;
				GCC_PREFIX_HEADER = "Wheres My Money/Wheres My Money-Prefix.pch";
				INFOPLIST_FILE = "Wheres My MoneyTests/Wheres My MoneyTests-Info.plist";
				PRODUCT_NAME = "$(TARGET_NAME)";
				TEST_HOST = "$(BUNDLE_LOADER)";
				WRAPPER_EXTENSION = xctest;
			};
			name = Release;
		};
/* End XCBuildConfiguration section */

/* Begin XCConfigurationList section */
		20F816D119BB7AC8000BC3B6 /* Build configuration list for PBXProject "Wheres My Money" */ = {
			isa = XCConfigurationList;
			buildConfigurations = (
				20F8170019BB7AC8000BC3B6 /* Debug */,
				20F8170119BB7AC8000BC3B6 /* Release */,
			);
			defaultConfigurationIsVisible = 0;
			defaultConfigurationName = Release;
		};
		20F8170219BB7AC8000BC3B6 /* Build configuration list for PBXNativeTarget "Wheres My Money" */ = {
			isa = XCConfigurationList;
			buildConfigurations = (
				20F8170319BB7AC8000BC3B6 /* Debug */,
				20F8170419BB7AC8000BC3B6 /* Release */,
			);
			defaultConfigurationIsVisible = 0;
			defaultConfigurationName = Release;
		};
		20F8170519BB7AC8000BC3B6 /* Build configuration list for PBXNativeTarget "Wheres My MoneyTests" */ = {
			isa = XCConfigurationList;
			buildConfigurations = (
				20F8170619BB7AC8000BC3B6 /* Debug */,
				20F8170719BB7AC8000BC3B6 /* Release */,
			);
			defaultConfigurationIsVisible = 0;
			defaultConfigurationName = Release;
		};
/* End XCConfigurationList section */
	};
	rootObject = 20F816CE19BB7AC8000BC3B6 /* Project object */;
}
